<Solution>
  <Configurations>
    <Platform Name="Any CPU" />
    <Platform Name="x64" />
    <Platform Name="x86" />
  </Configurations>
  <Folder Name="/Solution Items/">
    <File Path=".editorconfig" />
  </Folder>
  <Project Path="InteropGen/InteropGen.csproj" />
  <Project Path="SboxBuild/SboxBuild.csproj" />
</Solution>
